
Microsoft Visual Studio Solution File, Format Version 12.00
# Visual Studio Version 16
VisualStudioVersion = 16.0.30413.136
MinimumVisualStudioVersion = 15.0.26124.0
Project("{9A19103F-16F7-4668-BE54-9A1E7A4F7556}") = "TicketStore.Client.App", "TicketStore.Client.App\TicketStore.Client.App.csproj", "{3F575C6C-16BB-4AB5-9C78-0EFAA0370CEB}"
EndProject
Project("{9A19103F-16F7-4668-BE54-9A1E7A4F7556}") = "TicketStore.Client.Logic", "TicketStore.Client.Logic\TicketStore.Client.Logic.csproj", "{AC8EA5DC-1BC5-49F0-BB8F-57C83626722A}"
EndProject
Project("{9A19103F-16F7-4668-BE54-9A1E7A4F7556}") = "TicketStore.Server.App", "TicketStore.Server.App\TicketStore.Server.App.csproj", "{5FF3EAC6-BC71-481A-A7E0-F6F548E5FFA2}"
EndProject
Project("{9A19103F-16F7-4668-BE54-9A1E7A4F7556}") = "TicketStore.Server.Logic", "TicketStore.Server.Logic\TicketStore.Server.Logic.csproj", "{43381FFB-61CD-47B1-B996-EAEAAE719563}"
EndProject
Project("{9A19103F-16F7-4668-BE54-9A1E7A4F7556}") = "TicketStore.Shared", "TicketStore.Shared\TicketStore.Shared.csproj", "{127FDF00-3DD5-4D1D-9F54-F0D32EF2DCAD}"
EndProject
Project("{9A19103F-16F7-4668-BE54-9A1E7A4F7556}") = "TicketStore.Server.Logic.Test", "TicketStore.Server.Logic.Test\TicketStore.Server.Logic.Test.csproj", "{C7F389E6-6B73-44DA-B84B-C5746188C586}"
EndProject
Global
	GlobalSection(SolutionConfigurationPlatforms) = preSolution
		Debug|Any CPU = Debug|Any CPU
		Debug|x64 = Debug|x64
		Debug|x86 = Debug|x86
		Release|Any CPU = Release|Any CPU
		Release|x64 = Release|x64
		Release|x86 = Release|x86
	EndGlobalSection
	GlobalSection(ProjectConfigurationPlatforms) = postSolution
		{3F575C6C-16BB-4AB5-9C78-0EFAA0370CEB}.Debug|Any CPU.ActiveCfg = Debug|Any CPU
		{3F575C6C-16BB-4AB5-9C78-0EFAA0370CEB}.Debug|Any CPU.Build.0 = Debug|Any CPU
		{3F575C6C-16BB-4AB5-9C78-0EFAA0370CEB}.Debug|x64.ActiveCfg = Debug|Any CPU
		{3F575C6C-16BB-4AB5-9C78-0EFAA0370CEB}.Debug|x64.Build.0 = Debug|Any CPU
		{3F575C6C-16BB-4AB5-9C78-0EFAA0370CEB}.Debug|x86.ActiveCfg = Debug|Any CPU
		{3F575C6C-16BB-4AB5-9C78-0EFAA0370CEB}.Debug|x86.Build.0 = Debug|Any CPU
		{3F575C6C-16BB-4AB5-9C78-0EFAA0370CEB}.Release|Any CPU.ActiveCfg = Release|Any CPU
		{3F575C6C-16BB-4AB5-9C78-0EFAA0370CEB}.Release|Any CPU.Build.0 = Release|Any CPU
		{3F575C6C-16BB-4AB5-9C78-0EFAA0370CEB}.Release|x64.ActiveCfg = Release|Any CPU
		{3F575C6C-16BB-4AB5-9C78-0EFAA0370CEB}.Release|x64.Build.0 = Release|Any CPU
		{3F575C6C-16BB-4AB5-9C78-0EFAA0370CEB}.Release|x86.ActiveCfg = Release|Any CPU
		{3F575C6C-16BB-4AB5-9C78-0EFAA0370CEB}.Release|x86.Build.0 = Release|Any CPU
		{AC8EA5DC-1BC5-49F0-BB8F-57C83626722A}.Debug|Any CPU.ActiveCfg = Debug|Any CPU
		{AC8EA5DC-1BC5-49F0-BB8F-57C83626722A}.Debug|Any CPU.Build.0 = Debug|Any CPU
		{AC8EA5DC-1BC5-49F0-BB8F-57C83626722A}.Debug|x64.ActiveCfg = Debug|Any CPU
		{AC8EA5DC-1BC5-49F0-BB8F-57C83626722A}.Debug|x64.Build.0 = Debug|Any CPU
		{AC8EA5DC-1BC5-49F0-BB8F-57C83626722A}.Debug|x86.ActiveCfg = Debug|Any CPU
		{AC8EA5DC-1BC5-49F0-BB8F-57C83626722A}.Debug|x86.Build.0 = Debug|Any CPU
		{AC8EA5DC-1BC5-49F0-BB8F-57C83626722A}.Release|Any CPU.ActiveCfg = Release|Any CPU
		{AC8EA5DC-1BC5-49F0-BB8F-57C83626722A}.Release|Any CPU.Build.0 = Release|Any CPU
		{AC8EA5DC-1BC5-49F0-BB8F-57C83626722A}.Release|x64.ActiveCfg = Release|Any CPU
		{AC8EA5DC-1BC5-49F0-BB8F-57C83626722A}.Release|x64.Build.0 = Release|Any CPU
		{AC8EA5DC-1BC5-49F0-BB8F-57C83626722A}.Release|x86.ActiveCfg = Release|Any CPU
		{AC8EA5DC-1BC5-49F0-BB8F-57C83626722A}.Release|x86.Build.0 = Release|Any CPU
		{5FF3EAC6-BC71-481A-A7E0-F6F548E5FFA2}.Debug|Any CPU.ActiveCfg = Debug|Any CPU
		{5FF3EAC6-BC71-481A-A7E0-F6F548E5FFA2}.Debug|Any CPU.Build.0 = Debug|Any CPU
		{5FF3EAC6-BC71-481A-A7E0-F6F548E5FFA2}.Debug|x64.ActiveCfg = Debug|Any CPU
		{5FF3EAC6-BC71-481A-A7E0-F6F548E5FFA2}.Debug|x64.Build.0 = Debug|Any CPU
		{5FF3EAC6-BC71-481A-A7E0-F6F548E5FFA2}.Debug|x86.ActiveCfg = Debug|Any CPU
		{5FF3EAC6-BC71-481A-A7E0-F6F548E5FFA2}.Debug|x86.Build.0 = Debug|Any CPU
		{5FF3EAC6-BC71-481A-A7E0-F6F548E5FFA2}.Release|Any CPU.ActiveCfg = Release|Any CPU
		{5FF3EAC6-BC71-481A-A7E0-F6F548E5FFA2}.Release|Any CPU.Build.0 = Release|Any CPU
		{5FF3EAC6-BC71-481A-A7E0-F6F548E5FFA2}.Release|x64.ActiveCfg = Release|Any CPU
		{5FF3EAC6-BC71-481A-A7E0-F6F548E5FFA2}.Release|x64.Build.0 = Release|Any CPU
		{5FF3EAC6-BC71-481A-A7E0-F6F548E5FFA2}.Release|x86.ActiveCfg = Release|Any CPU
		{5FF3EAC6-BC71-481A-A7E0-F6F548E5FFA2}.Release|x86.Build.0 = Release|Any CPU
		{43381FFB-61CD-47B1-B996-EAEAAE719563}.Debug|Any CPU.ActiveCfg = Debug|Any CPU
		{43381FFB-61CD-47B1-B996-EAEAAE719563}.Debug|Any CPU.Build.0 = Debug|Any CPU
		{43381FFB-61CD-47B1-B996-EAEAAE719563}.Debug|x64.ActiveCfg = Debug|Any CPU
		{43381FFB-61CD-47B1-B996-EAEAAE719563}.Debug|x64.Build.0 = Debug|Any CPU
		{43381FFB-61CD-47B1-B996-EAEAAE719563}.Debug|x86.ActiveCfg = Debug|Any CPU
		{43381FFB-61CD-47B1-B996-EAEAAE719563}.Debug|x86.Build.0 = Debug|Any CPU
		{43381FFB-61CD-47B1-B996-EAEAAE719563}.Release|Any CPU.ActiveCfg = Release|Any CPU
		{43381FFB-61CD-47B1-B996-EAEAAE719563}.Release|Any CPU.Build.0 = Release|Any CPU
		{43381FFB-61CD-47B1-B996-EAEAAE719563}.Release|x64.ActiveCfg = Release|Any CPU
		{43381FFB-61CD-47B1-B996-EAEAAE719563}.Release|x64.Build.0 = Release|Any CPU
		{43381FFB-61CD-47B1-B996-EAEAAE719563}.Release|x86.ActiveCfg = Release|Any CPU
		{43381FFB-61CD-47B1-B996-EAEAAE719563}.Release|x86.Build.0 = Release|Any CPU
		{127FDF00-3DD5-4D1D-9F54-F0D32EF2DCAD}.Debug|Any CPU.ActiveCfg = Debug|Any CPU
		{127FDF00-3DD5-4D1D-9F54-F0D32EF2DCAD}.Debug|Any CPU.Build.0 = Debug|Any CPU
		{127FDF00-3DD5-4D1D-9F54-F0D32EF2DCAD}.Debug|x64.ActiveCfg = Debug|Any CPU
		{127FDF00-3DD5-4D1D-9F54-F0D32EF2DCAD}.Debug|x64.Build.0 = Debug|Any CPU
		{127FDF00-3DD5-4D1D-9F54-F0D32EF2DCAD}.Debug|x86.ActiveCfg = Debug|Any CPU
		{127FDF00-3DD5-4D1D-9F54-F0D32EF2DCAD}.Debug|x86.Build.0 = Debug|Any CPU
		{127FDF00-3DD5-4D1D-9F54-F0D32EF2DCAD}.Release|Any CPU.ActiveCfg = Release|Any CPU
		{127FDF00-3DD5-4D1D-9F54-F0D32EF2DCAD}.Release|Any CPU.Build.0 = Release|Any CPU
		{127FDF00-3DD5-4D1D-9F54-F0D32EF2DCAD}.Release|x64.ActiveCfg = Release|Any CPU
		{127FDF00-3DD5-4D1D-9F54-F0D32EF2DCAD}.Release|x64.Build.0 = Release|Any CPU
		{127FDF00-3DD5-4D1D-9F54-F0D32EF2DCAD}.Release|x86.ActiveCfg = Release|Any CPU
		{127FDF00-3DD5-4D1D-9F54-F0D32EF2DCAD}.Release|x86.Build.0 = Release|Any CPU
		{C7F389E6-6B73-44DA-B84B-C5746188C586}.Debug|Any CPU.ActiveCfg = Debug|Any CPU
		{C7F389E6-6B73-44DA-B84B-C5746188C586}.Debug|Any CPU.Build.0 = Debug|Any CPU
		{C7F389E6-6B73-44DA-B84B-C5746188C586}.Debug|x64.ActiveCfg = Debug|Any CPU
		{C7F389E6-6B73-44DA-B84B-C5746188C586}.Debug|x64.Build.0 = Debug|Any CPU
		{C7F389E6-6B73-44DA-B84B-C5746188C586}.Debug|x86.ActiveCfg = Debug|Any CPU
		{C7F389E6-6B73-44DA-B84B-C5746188C586}.Debug|x86.Build.0 = Debug|Any CPU
		{C7F389E6-6B73-44DA-B84B-C5746188C586}.Release|Any CPU.ActiveCfg = Release|Any CPU
		{C7F389E6-6B73-44DA-B84B-C5746188C586}.Release|Any CPU.Build.0 = Release|Any CPU
		{C7F389E6-6B73-44DA-B84B-C5746188C586}.Release|x64.ActiveCfg = Release|Any CPU
		{C7F389E6-6B73-44DA-B84B-C5746188C586}.Release|x64.Build.0 = Release|Any CPU
		{C7F389E6-6B73-44DA-B84B-C5746188C586}.Release|x86.ActiveCfg = Release|Any CPU
		{C7F389E6-6B73-44DA-B84B-C5746188C586}.Release|x86.Build.0 = Release|Any CPU
	EndGlobalSection
	GlobalSection(SolutionProperties) = preSolution
		HideSolutionNode = FALSE
	EndGlobalSection
	GlobalSection(ExtensibilityGlobals) = postSolution
		SolutionGuid = {08AB5E42-2D84-4C52-9218-4C978BBD9E5F}
	EndGlobalSection
EndGlobal
